
Microsoft Visual Studio Solution File, Format Version 12.00
# Visual Studio 15
VisualStudioVersion = 15.0.27428.2037
MinimumVisualStudioVersion = 10.0.40219.1
Project("{FAE04EC0-301F-11D3-BF4B-00C04F79EFBC}") = "ProgrammingKnowledge", "ProgrammingKnowledge\ProgrammingKnowledge.csproj", "{2A06B2C9-C502-448D-B866-6463BEBF25F8}"
EndProject
Project("{FAE04EC0-301F-11D3-BF4B-00C04F79EFBC}") = "16.ConstructorandDestructors", "16.ConstructorandDestructors\16.ConstructorandDestructors.csproj", "{2A0B5BE3-C46A-4268-A1A4-8CA63B4B2802}"
EndProject
Global
	GlobalSection(SolutionConfigurationPlatforms) = preSolution
		Debug|Any CPU = Debug|Any CPU
		Release|Any CPU = Release|Any CPU
	EndGlobalSection
	GlobalSection(ProjectConfigurationPlatforms) = postSolution
		{2A06B2C9-C502-448D-B866-6463BEBF25F8}.Debug|Any CPU.ActiveCfg = Debug|Any CPU
		{2A06B2C9-C502-448D-B866-6463BEBF25F8}.Debug|Any CPU.Build.0 = Debug|Any CPU
		{2A06B2C9-C502-448D-B866-6463BEBF25F8}.Release|Any CPU.ActiveCfg = Release|Any CPU
		{2A06B2C9-C502-448D-B866-6463BEBF25F8}.Release|Any CPU.Build.0 = Release|Any CPU
		{2A0B5BE3-C46A-4268-A1A4-8CA63B4B2802}.Debug|Any CPU.ActiveCfg = Debug|Any CPU
		{2A0B5BE3-C46A-4268-A1A4-8CA63B4B2802}.Debug|Any CPU.Build.0 = Debug|Any CPU
		{2A0B5BE3-C46A-4268-A1A4-8CA63B4B2802}.Release|Any CPU.ActiveCfg = Release|Any CPU
		{2A0B5BE3-C46A-4268-A1A4-8CA63B4B2802}.Release|Any CPU.Build.0 = Release|Any CPU
	EndGlobalSection
	GlobalSection(SolutionProperties) = preSolution
		HideSolutionNode = FALSE
	EndGlobalSection
	GlobalSection(ExtensibilityGlobals) = postSolution
		SolutionGuid = {E508C6C2-64D9-4605-89C8-47065A498DBE}
	EndGlobalSection
EndGlobal
